
Microsoft Visual Studio Solution File, Format Version 12.00
# Visual Studio Version 16
VisualStudioVersion = 16.0.30204.135
MinimumVisualStudioVersion = 10.0.40219.1
Project("{FAE04EC0-301F-11D3-BF4B-00C04F79EFBC}") = "DoAnLTWin_18dh110773", "DoAnLTWin_18dh110773\DoAnLTWin_18dh110773.csproj", "{D1DB77DE-F39C-49EA-9C84-4D66097DDF6C}"
EndProject
Global
	GlobalSection(SolutionConfigurationPlatforms) = preSolution
		Debug|Any CPU = Debug|Any CPU
		Release|Any CPU = Release|Any CPU
	EndGlobalSection
	GlobalSection(ProjectConfigurationPlatforms) = postSolution
		{D1DB77DE-F39C-49EA-9C84-4D66097DDF6C}.Debug|Any CPU.ActiveCfg = Debug|Any CPU
		{D1DB77DE-F39C-49EA-9C84-4D66097DDF6C}.Debug|Any CPU.Build.0 = Debug|Any CPU
		{D1DB77DE-F39C-49EA-9C84-4D66097DDF6C}.Release|Any CPU.ActiveCfg = Release|Any CPU
		{D1DB77DE-F39C-49EA-9C84-4D66097DDF6C}.Release|Any CPU.Build.0 = Release|Any CPU
	EndGlobalSection
	GlobalSection(SolutionProperties) = preSolution
		HideSolutionNode = FALSE
	EndGlobalSection
	GlobalSection(ExtensibilityGlobals) = postSolution
		SolutionGuid = {A7890A49-C169-4E8F-9619-189B534ECAFC}
	EndGlobalSection
EndGlobal
